
Microsoft Visual Studio Solution File, Format Version 12.00
# Visual Studio 15
VisualStudioVersion = 15.0.27004.2002
MinimumVisualStudioVersion = 15.0.26124.0
Project("{2150E333-8FDC-42A3-9474-1A3956D46DE8}") = "src", "src", "{2045CDB0-F9D2-41D7-AF89-49A6512CCDEF}"
EndProject
Project("{2150E333-8FDC-42A3-9474-1A3956D46DE8}") = "test", "test", "{621863E3-EFEC-4BF9-AFCE-2495B0F89DDC}"
EndProject
Project("{9A19103F-16F7-4668-BE54-9A1E7A4F7556}") = "RepositoryBase", "src\RepositoryBase\src\RepositoryBase\RepositoryBase.csproj", "{1DFEEDFB-BA25-4B88-AD98-9B2DFE33F6DF}"
EndProject
Project("{D954291E-2A0B-460D-934E-DC6B0785DB48}") = "World.Common", "src\World.Common\World.Common.shproj", "{D8B94F76-9F3A-49BF-A30E-0DE85BC7854D}"
EndProject
Project("{9A19103F-16F7-4668-BE54-9A1E7A4F7556}") = "World.Data.Models", "src\World.Data.Models\World.Data.Models.csproj", "{C22AF90E-7023-48ED-94E8-C94EF62C2CFE}"
EndProject
Project("{9A19103F-16F7-4668-BE54-9A1E7A4F7556}") = "World.Data.Xml", "src\World.Data.Xml\World.Data.Xml.csproj", "{0ED3A395-D086-4F03-9AD0-F28DCAED9A1D}"
EndProject
Project("{9A19103F-16F7-4668-BE54-9A1E7A4F7556}") = "World.Data", "src\World.Data\World.Data.csproj", "{B952E573-010A-41E4-B169-8A38B2669A97}"
EndProject
Project("{FAE04EC0-301F-11D3-BF4B-00C04F79EFBC}") = "World", "src\World\World.csproj", "{6E929F6A-1D6C-435C-AD42-12AC9D9918D2}"
EndProject
Project("{9A19103F-16F7-4668-BE54-9A1E7A4F7556}") = "World.Data.Xml.Tests", "test\World.Data.Xml.Tests\World.Data.Xml.Tests.csproj", "{EDF29F59-C507-4419-913F-EE41CA748412}"
EndProject
Project("{FAE04EC0-301F-11D3-BF4B-00C04F79EFBC}") = "World.Data.Tests", "test\World.Data.Tests\World.Data.Tests.csproj", "{D6E84DDA-664A-40B3-8B69-1FC204D2153E}"
EndProject
Global
	GlobalSection(SharedMSBuildProjectFiles) = preSolution
		src\World.Common\World.Common.projitems*{6e929f6a-1d6c-435c-ad42-12ac9d9918d2}*SharedItemsImports = 4
		src\World.Common\World.Common.projitems*{d8b94f76-9f3a-49bf-a30e-0de85bc7854d}*SharedItemsImports = 13
	EndGlobalSection
	GlobalSection(SolutionConfigurationPlatforms) = preSolution
		Debug|Any CPU = Debug|Any CPU
		Debug|x64 = Debug|x64
		Debug|x86 = Debug|x86
		Release|Any CPU = Release|Any CPU
		Release|x64 = Release|x64
		Release|x86 = Release|x86
	EndGlobalSection
	GlobalSection(ProjectConfigurationPlatforms) = postSolution
		{1DFEEDFB-BA25-4B88-AD98-9B2DFE33F6DF}.Debug|Any CPU.ActiveCfg = Debug|Any CPU
		{1DFEEDFB-BA25-4B88-AD98-9B2DFE33F6DF}.Debug|Any CPU.Build.0 = Debug|Any CPU
		{1DFEEDFB-BA25-4B88-AD98-9B2DFE33F6DF}.Debug|x64.ActiveCfg = Debug|Any CPU
		{1DFEEDFB-BA25-4B88-AD98-9B2DFE33F6DF}.Debug|x64.Build.0 = Debug|Any CPU
		{1DFEEDFB-BA25-4B88-AD98-9B2DFE33F6DF}.Debug|x86.ActiveCfg = Debug|Any CPU
		{1DFEEDFB-BA25-4B88-AD98-9B2DFE33F6DF}.Debug|x86.Build.0 = Debug|Any CPU
		{1DFEEDFB-BA25-4B88-AD98-9B2DFE33F6DF}.Release|Any CPU.ActiveCfg = Release|Any CPU
		{1DFEEDFB-BA25-4B88-AD98-9B2DFE33F6DF}.Release|Any CPU.Build.0 = Release|Any CPU
		{1DFEEDFB-BA25-4B88-AD98-9B2DFE33F6DF}.Release|x64.ActiveCfg = Release|Any CPU
		{1DFEEDFB-BA25-4B88-AD98-9B2DFE33F6DF}.Release|x64.Build.0 = Release|Any CPU
		{1DFEEDFB-BA25-4B88-AD98-9B2DFE33F6DF}.Release|x86.ActiveCfg = Release|Any CPU
		{1DFEEDFB-BA25-4B88-AD98-9B2DFE33F6DF}.Release|x86.Build.0 = Release|Any CPU
		{C22AF90E-7023-48ED-94E8-C94EF62C2CFE}.Debug|Any CPU.ActiveCfg = Debug|Any CPU
		{C22AF90E-7023-48ED-94E8-C94EF62C2CFE}.Debug|Any CPU.Build.0 = Debug|Any CPU
		{C22AF90E-7023-48ED-94E8-C94EF62C2CFE}.Debug|x64.ActiveCfg = Debug|Any CPU
		{C22AF90E-7023-48ED-94E8-C94EF62C2CFE}.Debug|x64.Build.0 = Debug|Any CPU
		{C22AF90E-7023-48ED-94E8-C94EF62C2CFE}.Debug|x86.ActiveCfg = Debug|Any CPU
		{C22AF90E-7023-48ED-94E8-C94EF62C2CFE}.Debug|x86.Build.0 = Debug|Any CPU
		{C22AF90E-7023-48ED-94E8-C94EF62C2CFE}.Release|Any CPU.ActiveCfg = Release|Any CPU
		{C22AF90E-7023-48ED-94E8-C94EF62C2CFE}.Release|Any CPU.Build.0 = Release|Any CPU
		{C22AF90E-7023-48ED-94E8-C94EF62C2CFE}.Release|x64.ActiveCfg = Release|Any CPU
		{C22AF90E-7023-48ED-94E8-C94EF62C2CFE}.Release|x64.Build.0 = Release|Any CPU
		{C22AF90E-7023-48ED-94E8-C94EF62C2CFE}.Release|x86.ActiveCfg = Release|Any CPU
		{C22AF90E-7023-48ED-94E8-C94EF62C2CFE}.Release|x86.Build.0 = Release|Any CPU
		{0ED3A395-D086-4F03-9AD0-F28DCAED9A1D}.Debug|Any CPU.ActiveCfg = Debug|Any CPU
		{0ED3A395-D086-4F03-9AD0-F28DCAED9A1D}.Debug|Any CPU.Build.0 = Debug|Any CPU
		{0ED3A395-D086-4F03-9AD0-F28DCAED9A1D}.Debug|x64.ActiveCfg = Debug|Any CPU
		{0ED3A395-D086-4F03-9AD0-F28DCAED9A1D}.Debug|x64.Build.0 = Debug|Any CPU
		{0ED3A395-D086-4F03-9AD0-F28DCAED9A1D}.Debug|x86.ActiveCfg = Debug|Any CPU
		{0ED3A395-D086-4F03-9AD0-F28DCAED9A1D}.Debug|x86.Build.0 = Debug|Any CPU
		{0ED3A395-D086-4F03-9AD0-F28DCAED9A1D}.Release|Any CPU.ActiveCfg = Release|Any CPU
		{0ED3A395-D086-4F03-9AD0-F28DCAED9A1D}.Release|Any CPU.Build.0 = Release|Any CPU
		{0ED3A395-D086-4F03-9AD0-F28DCAED9A1D}.Release|x64.ActiveCfg = Release|Any CPU
		{0ED3A395-D086-4F03-9AD0-F28DCAED9A1D}.Release|x64.Build.0 = Release|Any CPU
		{0ED3A395-D086-4F03-9AD0-F28DCAED9A1D}.Release|x86.ActiveCfg = Release|Any CPU
		{0ED3A395-D086-4F03-9AD0-F28DCAED9A1D}.Release|x86.Build.0 = Release|Any CPU
		{B952E573-010A-41E4-B169-8A38B2669A97}.Debug|Any CPU.ActiveCfg = Debug|Any CPU
		{B952E573-010A-41E4-B169-8A38B2669A97}.Debug|Any CPU.Build.0 = Debug|Any CPU
		{B952E573-010A-41E4-B169-8A38B2669A97}.Debug|x64.ActiveCfg = Debug|Any CPU
		{B952E573-010A-41E4-B169-8A38B2669A97}.Debug|x64.Build.0 = Debug|Any CPU
		{B952E573-010A-41E4-B169-8A38B2669A97}.Debug|x86.ActiveCfg = Debug|Any CPU
		{B952E573-010A-41E4-B169-8A38B2669A97}.Debug|x86.Build.0 = Debug|Any CPU
		{B952E573-010A-41E4-B169-8A38B2669A97}.Release|Any CPU.ActiveCfg = Release|Any CPU
		{B952E573-010A-41E4-B169-8A38B2669A97}.Release|Any CPU.Build.0 = Release|Any CPU
		{B952E573-010A-41E4-B169-8A38B2669A97}.Release|x64.ActiveCfg = Release|Any CPU
		{B952E573-010A-41E4-B169-8A38B2669A97}.Release|x64.Build.0 = Release|Any CPU
		{B952E573-010A-41E4-B169-8A38B2669A97}.Release|x86.ActiveCfg = Release|Any CPU
		{B952E573-010A-41E4-B169-8A38B2669A97}.Release|x86.Build.0 = Release|Any CPU
		{6E929F6A-1D6C-435C-AD42-12AC9D9918D2}.Debug|Any CPU.ActiveCfg = Debug|Any CPU
		{6E929F6A-1D6C-435C-AD42-12AC9D9918D2}.Debug|Any CPU.Build.0 = Debug|Any CPU
		{6E929F6A-1D6C-435C-AD42-12AC9D9918D2}.Debug|x64.ActiveCfg = Debug|Any CPU
		{6E929F6A-1D6C-435C-AD42-12AC9D9918D2}.Debug|x64.Build.0 = Debug|Any CPU
		{6E929F6A-1D6C-435C-AD42-12AC9D9918D2}.Debug|x86.ActiveCfg = Debug|Any CPU
		{6E929F6A-1D6C-435C-AD42-12AC9D9918D2}.Debug|x86.Build.0 = Debug|Any CPU
		{6E929F6A-1D6C-435C-AD42-12AC9D9918D2}.Release|Any CPU.ActiveCfg = Release|Any CPU
		{6E929F6A-1D6C-435C-AD42-12AC9D9918D2}.Release|Any CPU.Build.0 = Release|Any CPU
		{6E929F6A-1D6C-435C-AD42-12AC9D9918D2}.Release|x64.ActiveCfg = Release|Any CPU
		{6E929F6A-1D6C-435C-AD42-12AC9D9918D2}.Release|x64.Build.0 = Release|Any CPU
		{6E929F6A-1D6C-435C-AD42-12AC9D9918D2}.Release|x86.ActiveCfg = Release|Any CPU
		{6E929F6A-1D6C-435C-AD42-12AC9D9918D2}.Release|x86.Build.0 = Release|Any CPU
		{EDF29F59-C507-4419-913F-EE41CA748412}.Debug|Any CPU.ActiveCfg = Debug|Any CPU
		{EDF29F59-C507-4419-913F-EE41CA748412}.Debug|Any CPU.Build.0 = Debug|Any CPU
		{EDF29F59-C507-4419-913F-EE41CA748412}.Debug|x64.ActiveCfg = Debug|Any CPU
		{EDF29F59-C507-4419-913F-EE41CA748412}.Debug|x64.Build.0 = Debug|Any CPU
		{EDF29F59-C507-4419-913F-EE41CA748412}.Debug|x86.ActiveCfg = Debug|Any CPU
		{EDF29F59-C507-4419-913F-EE41CA748412}.Debug|x86.Build.0 = Debug|Any CPU
		{EDF29F59-C507-4419-913F-EE41CA748412}.Release|Any CPU.ActiveCfg = Release|Any CPU
		{EDF29F59-C507-4419-913F-EE41CA748412}.Release|Any CPU.Build.0 = Release|Any CPU
		{EDF29F59-C507-4419-913F-EE41CA748412}.Release|x64.ActiveCfg = Release|Any CPU
		{EDF29F59-C507-4419-913F-EE41CA748412}.Release|x64.Build.0 = Release|Any CPU
		{EDF29F59-C507-4419-913F-EE41CA748412}.Release|x86.ActiveCfg = Release|Any CPU
		{EDF29F59-C507-4419-913F-EE41CA748412}.Release|x86.Build.0 = Release|Any CPU
		{D6E84DDA-664A-40B3-8B69-1FC204D2153E}.Debug|Any CPU.ActiveCfg = Debug|Any CPU
		{D6E84DDA-664A-40B3-8B69-1FC204D2153E}.Debug|Any CPU.Build.0 = Debug|Any CPU
		{D6E84DDA-664A-40B3-8B69-1FC204D2153E}.Debug|x64.ActiveCfg = Debug|Any CPU
		{D6E84DDA-664A-40B3-8B69-1FC204D2153E}.Debug|x64.Build.0 = Debug|Any CPU
		{D6E84DDA-664A-40B3-8B69-1FC204D2153E}.Debug|x86.ActiveCfg = Debug|Any CPU
		{D6E84DDA-664A-40B3-8B69-1FC204D2153E}.Debug|x86.Build.0 = Debug|Any CPU
		{D6E84DDA-664A-40B3-8B69-1FC204D2153E}.Release|Any CPU.ActiveCfg = Release|Any CPU
		{D6E84DDA-664A-40B3-8B69-1FC204D2153E}.Release|Any CPU.Build.0 = Release|Any CPU
		{D6E84DDA-664A-40B3-8B69-1FC204D2153E}.Release|x64.ActiveCfg = Release|Any CPU
		{D6E84DDA-664A-40B3-8B69-1FC204D2153E}.Release|x64.Build.0 = Release|Any CPU
		{D6E84DDA-664A-40B3-8B69-1FC204D2153E}.Release|x86.ActiveCfg = Release|Any CPU
		{D6E84DDA-664A-40B3-8B69-1FC204D2153E}.Release|x86.Build.0 = Release|Any CPU
	EndGlobalSection
	GlobalSection(SolutionProperties) = preSolution
		HideSolutionNode = FALSE
	EndGlobalSection
	GlobalSection(NestedProjects) = preSolution
		{1DFEEDFB-BA25-4B88-AD98-9B2DFE33F6DF} = {2045CDB0-F9D2-41D7-AF89-49A6512CCDEF}
		{D8B94F76-9F3A-49BF-A30E-0DE85BC7854D} = {2045CDB0-F9D2-41D7-AF89-49A6512CCDEF}
		{C22AF90E-7023-48ED-94E8-C94EF62C2CFE} = {2045CDB0-F9D2-41D7-AF89-49A6512CCDEF}
		{0ED3A395-D086-4F03-9AD0-F28DCAED9A1D} = {2045CDB0-F9D2-41D7-AF89-49A6512CCDEF}
		{B952E573-010A-41E4-B169-8A38B2669A97} = {2045CDB0-F9D2-41D7-AF89-49A6512CCDEF}
		{6E929F6A-1D6C-435C-AD42-12AC9D9918D2} = {2045CDB0-F9D2-41D7-AF89-49A6512CCDEF}
		{EDF29F59-C507-4419-913F-EE41CA748412} = {621863E3-EFEC-4BF9-AFCE-2495B0F89DDC}
		{D6E84DDA-664A-40B3-8B69-1FC204D2153E} = {621863E3-EFEC-4BF9-AFCE-2495B0F89DDC}
	EndGlobalSection
	GlobalSection(ExtensibilityGlobals) = postSolution
		SolutionGuid = {4DB94704-2944-4AAE-BCF8-1FE5AB9FE88D}
	EndGlobalSection
EndGlobal
